// !$*UTF8*$!
{
	archiveVersion = 1;
	classes = {
	};
	objectVersion = 46;
	objects = {

/* Begin PBXBuildFile section */
		FA29FDE61E8FDBC700A7B731 /* AppDelegate.swift in Sources */ = {isa = PBXBuildFile; fileRef = FA29FDE51E8FDBC700A7B731 /* AppDelegate.swift */; };
		FA29FDE81E8FDBC700A7B731 /* ViewController.swift in Sources */ = {isa = PBXBuildFile; fileRef = FA29FDE71E8FDBC700A7B731 /* ViewController.swift */; };
		FA29FDEB1E8FDBC700A7B731 /* Main.storyboard in Resources */ = {isa = PBXBuildFile; fileRef = FA29FDE91E8FDBC700A7B731 /* Main.storyboard */; };
		FA29FDED1E8FDBC700A7B731 /* Assets.xcassets in Resources */ = {isa = PBXBuildFile; fileRef = FA29FDEC1E8FDBC700A7B731 /* Assets.xcassets */; };
		FA29FDF01E8FDBC700A7B731 /* LaunchScreen.storyboard in Resources */ = {isa = PBXBuildFile; fileRef = FA29FDEE1E8FDBC700A7B731 /* LaunchScreen.storyboard */; };
		FA29FDF81E8FF44B00A7B731 /* No_war_pdx.jpg in Resources */ = {isa = PBXBuildFile; fileRef = FA29FDF71E8FF44B00A7B731 /* No_war_pdx.jpg */; };
/* End PBXBuildFile section */

/* Begin PBXFileReference section */
		FA29FDE21E8FDBC700A7B731 /* testaggio.app */ = {isa = PBXFileReference; explicitFileType = wrapper.application; includeInIndex = 0; path = testaggio.app; sourceTree = BUILT_PRODUCTS_DIR; };
		FA29FDE51E8FDBC700A7B731 /* AppDelegate.swift */ = {isa = PBXFileReference; lastKnownFileType = sourcecode.swift; path = AppDelegate.swift; sourceTree = "<group>"; };
		FA29FDE71E8FDBC700A7B731 /* ViewController.swift */ = {isa = PBXFileReference; lastKnownFileType = sourcecode.swift; path = ViewController.swift; sourceTree = "<group>"; };
		FA29FDEA1E8FDBC700A7B731 /* Base */ = {isa = PBXFileReference; lastKnownFileType = file.storyboard; name = Base; path = Base.lproj/Main.storyboard; sourceTree = "<group>"; };
		FA29FDEC1E8FDBC700A7B731 /* Assets.xcassets */ = {isa = PBXFileReference; lastKnownFileType = folder.assetcatalog; path = Assets.xcassets; sourceTree = "<group>"; };
		FA29FDEF1E8FDBC700A7B731 /* Base */ = {isa = PBXFileReference; lastKnownFileType = file.storyboard; name = Base; path = Base.lproj/LaunchScreen.storyboard; sourceTree = "<group>"; };
		FA29FDF11E8FDBC700A7B731 /* Info.plist */ = {isa = PBXFileReference; lastKnownFileType = text.plist.xml; path = Info.plist; sourceTree = "<group>"; };
		FA29FDF71E8FF44B00A7B731 /* No_war_pdx.jpg */ = {isa = PBXFileReference; lastKnownFileType = image.jpeg; path = No_war_pdx.jpg; sourceTree = "<group>"; };
/* End PBXFileReference section */

/* Begin PBXFrameworksBuildPhase section */
		FA29FDDF1E8FDBC700A7B731 /* Frameworks */ = {
			isa = PBXFrameworksBuildPhase;
			buildActionMask = 2147483647;
			files = (
			);
			runOnlyForDeploymentPostprocessing = 0;
		};
/* End PBXFrameworksBuildPhase section */

/* Begin PBXGroup section */
		FA29FDD91E8FDBC700A7B731 = {
			isa = PBXGroup;
			children = (
				FA29FDE41E8FDBC700A7B731 /* testaggio */,
				FA29FDE31E8FDBC700A7B731 /* Products */,
			);
			sourceTree = "<group>";
		};
		FA29FDE31E8FDBC700A7B731 /* Products */ = {
			isa = PBXGroup;
			children = (
				FA29FDE21E8FDBC700A7B731 /* testaggio.app */,
			);
			name = Products;
			sourceTree = "<group>";
		};
		FA29FDE41E8FDBC700A7B731 /* testaggio */ = {
			isa = PBXGroup;
			children = (
				FA29FDE51E8FDBC700A7B731 /* AppDelegate.swift */,
				FA29FDE71E8FDBC700A7B731 /* ViewController.swift */,
				FA29FDF71E8FF44B00A7B731 /* No_war_pdx.jpg */,
				FA29FDE91E8FDBC700A7B731 /* Main.storyboard */,
				FA29FDEC1E8FDBC700A7B731 /* Assets.xcassets */,
				FA29FDEE1E8FDBC700A7B731 /* LaunchScreen.storyboard */,
				FA29FDF11E8FDBC700A7B731 /* Info.plist */,
			);
			path = testaggio;
			sourceTree = "<group>";
		};
/* End PBXGroup section */

/* Begin PBXNativeTarget section */
		FA29FDE11E8FDBC700A7B731 /* testaggio */ = {
			isa = PBXNativeTarget;
			buildConfigurationList = FA29FDF41E8FDBC800A7B731 /* Build configuration list for PBXNativeTarget "testaggio" */;
			buildPhases = (
				FA29FDDE1E8FDBC700A7B731 /* Sources */,
				FA29FDDF1E8FDBC700A7B731 /* Frameworks */,
				FA29FDE01E8FDBC700A7B731 /* Resources */,
			);
			buildRules = (
			);
			dependencies = (
			);
			name = testaggio;
			productName = testaggio;
			productReference = FA29FDE21E8FDBC700A7B731 /* testaggio.app */;
			productType = "com.apple.product-type.application";
		};
/* End PBXNativeTarget section */

/* Begin PBXProject section */
		FA29FDDA1E8FDBC700A7B731 /* Project object */ = {
			isa = PBXProject;
			attributes = {
				LastSwiftUpdateCheck = 0830;
				LastUpgradeCheck = 0830;
				ORGANIZATIONNAME = test;
				TargetAttributes = {
					FA29FDE11E8FDBC700A7B731 = {
						CreatedOnToolsVersion = 8.3;
						DevelopmentTeam = RFAY4NC9JE;
						ProvisioningStyle = Automatic;
					};
				};
			};
			buildConfigurationList = FA29FDDD1E8FDBC700A7B731 /* Build configuration list for PBXProject "testaggio" */;
			compatibilityVersion = "Xcode 3.2";
			developmentRegion = English;
			hasScannedForEncodings = 0;
			knownRegions = (
				en,
				Base,
			);
			mainGroup = FA29FDD91E8FDBC700A7B731;
			productRefGroup = FA29FDE31E8FDBC700A7B731 /* Products */;
			projectDirPath = "";
			projectRoot = "";
			targets = (
				FA29FDE11E8FDBC700A7B731 /* testaggio */,
			);
		};
/* End PBXProject section */

/* Begin PBXResourcesBuildPhase section */
		FA29FDE01E8FDBC700A7B731 /* Resources */ = {
			isa = PBXResourcesBuildPhase;
			buildActionMask = 2147483647;
			files = (
				FA29FDF01E8FDBC700A7B731 /* LaunchScreen.storyboard in Resources */,
				FA29FDED1E8FDBC700A7B731 /* Assets.xcassets in Resources */,
				FA29FDF81E8FF44B00A7B731 /* No_war_pdx.jpg in Resources */,
				FA29FDEB1E8FDBC700A7B731 /* Main.storyboard in Resources */,
			);
			runOnlyForDeploymentPostprocessing = 0;
		};
/* End PBXResourcesBuildPhase section */

/* Begin PBXSourcesBuildPhase section */
		FA29FDDE1E8FDBC700A7B731 /* Sources */ = {
			isa = PBXSourcesBuildPhase;
			buildActionMask = 2147483647;
			files = (
				FA29FDE81E8FDBC700A7B731 /* ViewController.swift in Sources */,
				FA29FDE61E8FDBC700A7B731 /* AppDelegate.swift in Sources */,
			);
			runOnlyForDeploymentPostprocessing = 0;
		};
/* End PBXSourcesBuildPhase section */

/* Begin PBXVariantGroup section */
		FA29FDE91E8FDBC700A7B731 /* Main.storyboard */ = {
			isa = PBXVariantGroup;
			children = (
				FA29FDEA1E8FDBC700A7B731 /* Base */,
			);
			name = Main.storyboard;
			sourceTree = "<group>";
		};
		FA29FDEE1E8FDBC700A7B731 /* LaunchScreen.storyboard */ = {
			isa = PBXVariantGroup;
			children = (
				FA29FDEF1E8FDBC700A7B731 /* Base */,
			);
			name = LaunchScreen.storyboard;
			sourceTree = "<group>";
		};
/* End PBXVariantGroup section */

/* Begin XCBuildConfiguration section */
		FA29FDF21E8FDBC700A7B731 /* Debug */ = {
			isa = XCBuildConfiguration;
			buildSettings = {
				ALWAYS_SEARCH_USER_PATHS = NO;
				CLANG_ANALYZER_NONNULL = YES;
				CLANG_ANALYZER_NUMBER_OBJECT_CONVERSION = YES_AGGRESSIVE;
				CLANG_CXX_LANGUAGE_STANDARD = "gnu++0x";
				CLANG_CXX_LIBRARY = "libc++";
				CLANG_ENABLE_MODULES = YES;
				CLANG_ENABLE_OBJC_ARC = YES;
				CLANG_WARN_BOOL_CONVERSION = YES;
				CLANG_WARN_CONSTANT_CONVERSION = YES;
				CLANG_WARN_DIRECT_OBJC_ISA_USAGE = YES_ERROR;
				CLANG_WARN_DOCUMENTATION_COMMENTS = YES;
				CLANG_WARN_EMPTY_BODY = YES;
				CLANG_WARN_ENUM_CONVERSION = YES;
				CLANG_WARN_INFINITE_RECURSION = YES;
				CLANG_WARN_INT_CONVERSION = YES;
				CLANG_WARN_OBJC_ROOT_CLASS = YES_ERROR;
				CLANG_WARN_SUSPICIOUS_MOVE = YES;
				CLANG_WARN_UNREACHABLE_CODE = YES;
				CLANG_WARN__DUPLICATE_METHOD_MATCH = YES;
				"CODE_SIGN_IDENTITY[sdk=iphoneos*]" = "iPhone Developer";
				COPY_PHASE_STRIP = NO;
				DEBUG_INFORMATION_FORMAT = dwarf;
				ENABLE_STRICT_OBJC_MSGSEND = YES;
				ENABLE_TESTABILITY = YES;
				GCC_C_LANGUAGE_STANDARD = gnu99;
				GCC_DYNAMIC_NO_PIC = NO;
				GCC_NO_COMMON_BLOCKS = YES;
				GCC_OPTIMIZATION_LEVEL = 0;
				GCC_PREPROCESSOR_DEFINITIONS = (
					"DEBUG=1",
					"$(inherited)",
				);
				GCC_WARN_64_TO_32_BIT_CONVERSION = YES;
				GCC_WARN_ABOUT_RETURN_TYPE = YES_ERROR;
				GCC_WARN_UNDECLARED_SELECTOR = YES;
				GCC_WARN_UNINITIALIZED_AUTOS = YES_AGGRESSIVE;
				GCC_WARN_UNUSED_FUNCTION = YES;
				GCC_WARN_UNUSED_VARIABLE = YES;
				IPHONEOS_DEPLOYMENT_TARGET = 9.0;
				MTL_ENABLE_DEBUG_INFO = YES;
				ONLY_ACTIVE_ARCH = YES;
				SDKROOT = iphoneos;
				SWIFT_ACTIVE_COMPILATION_CONDITIONS = DEBUG;
				SWIFT_OPTIMIZATION_LEVEL = "-Onone";
				TARGETED_DEVICE_FAMILY = "1,2";
			};
			name = Debug;
		};
		FA29FDF31E8FDBC700A7B731 /* Release */ = {
			isa = XCBuildConfiguration;
			buildSettings = {
				ALWAYS_SEARCH_USER_PATHS = NO;
				CLANG_ANALYZER_NONNULL = YES;
				CLANG_ANALYZER_NUMBER_OBJECT_CONVERSION = YES_AGGRESSIVE;
				CLANG_CXX_LANGUAGE_STANDARD = "gnu++0x";
				CLANG_CXX_LIBRARY = "libc++";
				CLANG_ENABLE_MODULES = YES;
				CLANG_ENABLE_OBJC_ARC = YES;
				CLANG_WARN_BOOL_CONVERSION = YES;
				CLANG_WARN_CONSTANT_CONVERSION = YES;
				CLANG_WARN_DIRECT_OBJC_ISA_USAGE = YES_ERROR;
				CLANG_WARN_DOCUMENTATION_COMMENTS = YES;
				CLANG_WARN_EMPTY_BODY = YES;
				CLANG_WARN_ENUM_CONVERSION = YES;
				CLANG_WARN_INFINITE_RECURSION = YES;
				CLANG_WARN_INT_CONVERSION = YES;
				CLANG_WARN_OBJC_ROOT_CLASS = YES_ERROR;
				CLANG_WARN_SUSPICIOUS_MOVE = YES;
				CLANG_WARN_UNREACHABLE_CODE = YES;
				CLANG_WARN__DUPLICATE_METHOD_MATCH = YES;
				"CODE_SIGN_IDENTITY[sdk=iphoneos*]" = "iPhone Developer";
				COPY_PHASE_STRIP = NO;
				DEBUG_INFORMATION_FORMAT = "dwarf-with-dsym";
				ENABLE_NS_ASSERTIONS = NO;
				ENABLE_STRICT_OBJC_MSGSEND = YES;
				GCC_C_LANGUAGE_STANDARD = gnu99;
				GCC_NO_COMMON_BLOCKS = YES;
				GCC_WARN_64_TO_32_BIT_CONVERSION = YES;
				GCC_WARN_ABOUT_RETURN_TYPE = YES_ERROR;
				GCC_WARN_UNDECLARED_SELECTOR = YES;
				GCC_WARN_UNINITIALIZED_AUTOS = YES_AGGRESSIVE;
				GCC_WARN_UNUSED_FUNCTION = YES;
				GCC_WARN_UNUSED_VARIABLE = YES;
				IPHONEOS_DEPLOYMENT_TARGET = 9.0;
				MTL_ENABLE_DEBUG_INFO = NO;
				SDKROOT = iphoneos;
				SWIFT_OPTIMIZATION_LEVEL = "-Owholemodule";
				TARGETED_DEVICE_FAMILY = "1,2";
				VALIDATE_PRODUCT = YES;
			};
			name = Release;
		};
		FA29FDF51E8FDBC800A7B731 /* Debug */ = {
			isa = XCBuildConfiguration;
			buildSettings = {
				ASSETCATALOG_COMPILER_APPICON_NAME = AppIcon;
				DEVELOPMENT_TEAM = RFAY4NC9JE;
				INFOPLIST_FILE = testaggio/Info.plist;
				LD_RUNPATH_SEARCH_PATHS = "$(inherited) @executable_path/Frameworks";
				PRODUCT_BUNDLE_IDENTIFIER = com.test.testaggio;
				PRODUCT_NAME = "$(TARGET_NAME)";
				SWIFT_VERSION = 3.0;
			};
			name = Debug;
		};
		FA29FDF61E8FDBC800A7B731 /* Release */ = {
			isa = XCBuildConfiguration;
			buildSettings = {
				ASSETCATALOG_COMPILER_APPICON_NAME = AppIcon;
				DEVELOPMENT_TEAM = RFAY4NC9JE;
				INFOPLIST_FILE = testaggio/Info.plist;
				LD_RUNPATH_SEARCH_PATHS = "$(inherited) @executable_path/Frameworks";
				PRODUCT_BUNDLE_IDENTIFIER = com.test.testaggio;
				PRODUCT_NAME = "$(TARGET_NAME)";
				SWIFT_VERSION = 3.0;
			};
			name = Release;
		};
/* End XCBuildConfiguration section */

/* Begin XCConfigurationList section */
		FA29FDDD1E8FDBC700A7B731 /* Build configuration list for PBXProject "testaggio" */ = {
			isa = XCConfigurationList;
			buildConfigurations = (
				FA29FDF21E8FDBC700A7B731 /* Debug */,
				FA29FDF31E8FDBC700A7B731 /* Release */,
			);
			defaultConfigurationIsVisible = 0;
			defaultConfigurationName = Release;
		};
		FA29FDF41E8FDBC800A7B731 /* Build configuration list for PBXNativeTarget "testaggio" */ = {
			isa = XCConfigurationList;
			buildConfigurations = (
				FA29FDF51E8FDBC800A7B731 /* Debug */,
				FA29FDF61E8FDBC800A7B731 /* Release */,
			);
			defaultConfigurationIsVisible = 0;
		};
/* End XCConfigurationList section */
	};
	rootObject = FA29FDDA1E8FDBC700A7B731 /* Project object */;
}
